// !$*UTF8*$!
{
	archiveVersion = 1;
	classes = {
	};
	objectVersion = 46;
	objects = {

/* Begin PBXAggregateTarget section */
		1007981C01007981C0100798 /* All */ = {
			isa = PBXAggregateTarget;
			buildConfigurationList = 100799AC0100799AC0100799 /* Build configuration list for PBXAggregateTarget "All" */;
			buildPhases = (
			);
			dependencies = (
				96ED2EFE11B83E24003ED904 /* PBXTargetDependency */,
				1007EF3F01007EF3F01007EF /* PBXTargetDependency */,
				1007EFF501007EFF501007EF /* PBXTargetDependency */,
				1007EE8901007EE8901007EE /* PBXTargetDependency */,
			);
			name = All;
			productName = ALL_BUILD;
		};
/* End PBXAggregateTarget section */

/* Begin PBXBuildFile section */
		1007B98A01007B98A01007B9 /* libusbmuxd.c in Sources */ = {isa = PBXBuildFile; fileRef = 1007B96001007B96001007B9 /* libusbmuxd.c */; settings = {COMPILER_FLAGS = ""; }; };
		1007BA8201007BA8201007BA /* sock_stuff.c in Sources */ = {isa = PBXBuildFile; fileRef = 1007BA7001007BA7001007BA /* sock_stuff.c */; settings = {COMPILER_FLAGS = ""; }; };
		1007BB7501007BB7501007BB /* utils.c in Sources */ = {isa = PBXBuildFile; fileRef = 1007BB0C01007BB0C01007BB /* utils.c */; settings = {COMPILER_FLAGS = ""; }; };
		1007CBE101007CBE101007CB /* main.c in Sources */ = {isa = PBXBuildFile; fileRef = 1007CBD001007CBD001007CB /* main.c */; settings = {COMPILER_FLAGS = ""; }; };
		1007CCD801007CCD801007CC /* usb-linux.c in Sources */ = {isa = PBXBuildFile; fileRef = 1007CCC601007CCC601007CC /* usb-linux.c */; settings = {COMPILER_FLAGS = ""; }; };
		1007CDDD01007CDDD01007CD /* log.c in Sources */ = {isa = PBXBuildFile; fileRef = 1007CDD101007CDD101007CD /* log.c */; settings = {COMPILER_FLAGS = ""; }; };
		1007CEC501007CEC501007CE /* utils.c in Sources */ = {isa = PBXBuildFile; fileRef = 1007BB0C01007BB0C01007BB /* utils.c */; settings = {COMPILER_FLAGS = ""; }; };
		1007CF9B01007CF9B01007CF /* device.c in Sources */ = {isa = PBXBuildFile; fileRef = 1007CF7D01007CF7D01007CF /* device.c */; settings = {COMPILER_FLAGS = ""; }; };
		1007D08F01007D08F01007D0 /* client.c in Sources */ = {isa = PBXBuildFile; fileRef = 1007D08301007D08301007D0 /* client.c */; settings = {COMPILER_FLAGS = ""; }; };
		1007DF7901007DF7901007DF /* iproxy.c in Sources */ = {isa = PBXBuildFile; fileRef = 1007DF5801007DF5801007DF /* iproxy.c */; settings = {COMPILER_FLAGS = ""; }; };
		964937C410A9AA5300A94795 /* IOKit.framework in Frameworks */ = {isa = PBXBuildFile; fileRef = 964937C310A9AA5300A94795 /* IOKit.framework */; };
		964937C610A9AA5C00A94795 /* CoreFoundation.framework in Frameworks */ = {isa = PBXBuildFile; fileRef = 964937C510A9AA5C00A94795 /* CoreFoundation.framework */; };
		96BB1DBC11B5F8C10008D267 /* libusb.a in Frameworks */ = {isa = PBXBuildFile; fileRef = 9668BA8A11B5A2820092355D /* libusb.a */; };
		96BB1EB911B5FAB00008D267 /* usbmuxd.h in Headers */ = {isa = PBXBuildFile; fileRef = 96BB1EB811B5FAB00008D267 /* usbmuxd.h */; settings = {ATTRIBUTES = (Public, ); }; };
		96BB1ECC11B601910008D267 /* libusbmuxd.dylib in Frameworks */ = {isa = PBXBuildFile; fileRef = 1007CB0801007CB0801007CB /* libusbmuxd.dylib */; };
		96ED2EE611B83BF3003ED904 /* usbmuxd.h in Headers */ = {isa = PBXBuildFile; fileRef = 96BB1EB811B5FAB00008D267 /* usbmuxd.h */; settings = {ATTRIBUTES = (Public, ); }; };
		96ED2EE811B83BF3003ED904 /* libusbmuxd.c in Sources */ = {isa = PBXBuildFile; fileRef = 1007B96001007B96001007B9 /* libusbmuxd.c */; settings = {COMPILER_FLAGS = ""; }; };
		96ED2EE911B83BF3003ED904 /* sock_stuff.c in Sources */ = {isa = PBXBuildFile; fileRef = 1007BA7001007BA7001007BA /* sock_stuff.c */; settings = {COMPILER_FLAGS = ""; }; };
		96ED2EEA11B83BF3003ED904 /* utils.c in Sources */ = {isa = PBXBuildFile; fileRef = 1007BB0C01007BB0C01007BB /* utils.c */; settings = {COMPILER_FLAGS = ""; }; };
/* End PBXBuildFile section */

/* Begin PBXContainerItemProxy section */
		1007EE1301007EE1301007EE /* PBXContainerItemProxy */ = {
			isa = PBXContainerItemProxy;
			containerPortal = 100795A10100795A10100795 /* Project object */;
			proxyType = 1;
			remoteGlobalIDString = 1007E1ED01007E1ED01007E1;
			remoteInfo = iproxy;
		};
		1007EEC901007EEC901007EE /* PBXContainerItemProxy */ = {
			isa = PBXContainerItemProxy;
			containerPortal = 100795A10100795A10100795 /* Project object */;
			proxyType = 1;
			remoteGlobalIDString = 1007BE0701007BE0701007BE;
			remoteInfo = libusbmuxd;
		};
		1007EF8501007EF8501007EF /* PBXContainerItemProxy */ = {
			isa = PBXContainerItemProxy;
			containerPortal = 100795A10100795A10100795 /* Project object */;
			proxyType = 1;
			remoteGlobalIDString = 1007D30901007D30901007D3;
			remoteInfo = usbmuxd;
		};
		9668BA8711B5A2820092355D /* PBXContainerItemProxy */ = {
			isa = PBXContainerItemProxy;
			containerPortal = 964937A410A8C99200A94795 /* CocoaUSB */;
			proxyType = 2;
			remoteGlobalIDString = 960239B410503F7900562D7A;
			remoteInfo = libusb;
		};
		9668BA8911B5A2820092355D /* PBXContainerItemProxy */ = {
			isa = PBXContainerItemProxy;
			containerPortal = 964937A410A8C99200A94795 /* CocoaUSB */;
			proxyType = 2;
			remoteGlobalIDString = 96023B341051A30C00562D7A;
			remoteInfo = libusb.a;
		};
		9668BA8B11B5A2820092355D /* PBXContainerItemProxy */ = {
			isa = PBXContainerItemProxy;
			containerPortal = 964937A410A8C99200A94795 /* CocoaUSB */;
			proxyType = 2;
			remoteGlobalIDString = 96023B05105198C300562D7A;
			remoteInfo = USB;
		};
		96BB1DBA11B5F8A10008D267 /* PBXContainerItemProxy */ = {
			isa = PBXContainerItemProxy;
			containerPortal = 964937A410A8C99200A94795 /* CocoaUSB */;
			proxyType = 1;
			remoteGlobalIDString = 96023B251051A30C00562D7A;
			remoteInfo = libusb.a;
		};
		96ED2EFD11B83E24003ED904 /* PBXContainerItemProxy */ = {
			isa = PBXContainerItemProxy;
			containerPortal = 100795A10100795A10100795 /* Project object */;
			proxyType = 1;
			remoteGlobalIDString = 96ED2EE411B83BF3003ED904;
			remoteInfo = libusbmuxd.a;
		};
/* End PBXContainerItemProxy section */

/* Begin PBXFileReference section */
		1007B96001007B96001007B9 /* libusbmuxd.c */ = {isa = PBXFileReference; fileEncoding = 4; lastKnownFileType = sourcecode.c.c; name = libusbmuxd.c; path = libusbmuxd/libusbmuxd.c; sourceTree = "<group>"; };
		1007BA7001007BA7001007BA /* sock_stuff.c */ = {isa = PBXFileReference; fileEncoding = 4; lastKnownFileType = sourcecode.c.c; name = sock_stuff.c; path = libusbmuxd/sock_stuff.c; sourceTree = "<group>"; };
		1007BB0C01007BB0C01007BB /* utils.c */ = {isa = PBXFileReference; fileEncoding = 4; lastKnownFileType = sourcecode.c.c; name = utils.c; path = common/utils.c; sourceTree = "<group>"; };
		1007CB0801007CB0801007CB /* libusbmuxd.dylib */ = {isa = PBXFileReference; explicitFileType = "compiled.mach-o.dylib"; path = libusbmuxd.dylib; sourceTree = BUILT_PRODUCTS_DIR; };
		1007CBD001007CBD001007CB /* main.c */ = {isa = PBXFileReference; fileEncoding = 4; lastKnownFileType = sourcecode.c.c; name = main.c; path = daemon/main.c; sourceTree = "<group>"; };
		1007CCC601007CCC601007CC /* usb-linux.c */ = {isa = PBXFileReference; fileEncoding = 4; lastKnownFileType = sourcecode.c.c; name = "usb-linux.c"; path = "daemon/usb-linux.c"; sourceTree = "<group>"; };
		1007CDD101007CDD101007CD /* log.c */ = {isa = PBXFileReference; fileEncoding = 4; lastKnownFileType = sourcecode.c.c; name = log.c; path = daemon/log.c; sourceTree = "<group>"; };
		1007CF7D01007CF7D01007CF /* device.c */ = {isa = PBXFileReference; fileEncoding = 4; lastKnownFileType = sourcecode.c.c; name = device.c; path = daemon/device.c; sourceTree = "<group>"; };
		1007D08301007D08301007D0 /* client.c */ = {isa = PBXFileReference; fileEncoding = 4; lastKnownFileType = sourcecode.c.c; name = client.c; path = daemon/client.c; sourceTree = "<group>"; };
		1007DEBE01007DEBE01007DE /* usbmuxd */ = {isa = PBXFileReference; explicitFileType = "compiled.mach-o.executable"; path = usbmuxd; sourceTree = BUILT_PRODUCTS_DIR; };
		1007DF5801007DF5801007DF /* iproxy.c */ = {isa = PBXFileReference; fileEncoding = 4; lastKnownFileType = sourcecode.c.c; name = iproxy.c; path = tools/iproxy.c; sourceTree = "<group>"; };
		1007ED7E01007ED7E01007ED /* iproxy */ = {isa = PBXFileReference; explicitFileType = "compiled.mach-o.executable"; path = iproxy; sourceTree = BUILT_PRODUCTS_DIR; };
		964937A410A8C99200A94795 /* CocoaUSB */ = {isa = PBXFileReference; lastKnownFileType = "wrapper.pb-project"; name = CocoaUSB; path = ../CocoaUSB/CocoaUSB.xcodeproj; sourceTree = SOURCE_ROOT; };
		964937C310A9AA5300A94795 /* IOKit.framework */ = {isa = PBXFileReference; lastKnownFileType = wrapper.framework; name = IOKit.framework; path = System/Library/Frameworks/IOKit.framework; sourceTree = SDKROOT; };
		964937C510A9AA5C00A94795 /* CoreFoundation.framework */ = {isa = PBXFileReference; lastKnownFileType = wrapper.framework; name = CoreFoundation.framework; path = System/Library/Frameworks/CoreFoundation.framework; sourceTree = SDKROOT; };
		96BB1EB811B5FAB00008D267 /* usbmuxd.h */ = {isa = PBXFileReference; fileEncoding = 4; lastKnownFileType = sourcecode.c.h; name = usbmuxd.h; path = libusbmuxd/usbmuxd.h; sourceTree = "<group>"; };
		96ED2EF011B83BF3003ED904 /* libusbmuxd.a */ = {isa = PBXFileReference; explicitFileType = "compiled.mach-o.dylib"; includeInIndex = 0; path = libusbmuxd.a; sourceTree = BUILT_PRODUCTS_DIR; };
/* End PBXFileReference section */

/* Begin PBXFrameworksBuildPhase section */
		964937BF10A9A9F800A94795 /* Frameworks */ = {
			isa = PBXFrameworksBuildPhase;
			buildActionMask = 2147483647;
			files = (
				96BB1DBC11B5F8C10008D267 /* libusb.a in Frameworks */,
				964937C610A9AA5C00A94795 /* CoreFoundation.framework in Frameworks */,
				964937C410A9AA5300A94795 /* IOKit.framework in Frameworks */,
			);
			runOnlyForDeploymentPostprocessing = 0;
		};
		96BB1ECB11B601830008D267 /* Frameworks */ = {
			isa = PBXFrameworksBuildPhase;
			buildActionMask = 2147483647;
			files = (
				96BB1ECC11B601910008D267 /* libusbmuxd.dylib in Frameworks */,
			);
			runOnlyForDeploymentPostprocessing = 0;
		};
/* End PBXFrameworksBuildPhase section */

/* Begin PBXGroup section */
		1007918E01007918E0100791 = {
			isa = PBXGroup;
			children = (
				964937A410A8C99200A94795 /* CocoaUSB */,
				100791D40100791D40100791 /* Sources */,
				100792320100792320100792 /* Resources */,
				96BB1DDA11B5FA3B0008D267 /* Linked Libraries and Frameworks */,
				100792840100792840100792 /* Products */,
			);
			sourceTree = "<group>";
		};
		100791D40100791D40100791 /* Sources */ = {
			isa = PBXGroup;
			children = (
				100792B50100792B50100792 /* libusbmuxd */,
				100793A90100793A90100793 /* usbmuxd */,
				100794A00100794A00100794 /* iproxy */,
			);
			name = Sources;
			sourceTree = "<group>";
		};
		100792320100792320100792 /* Resources */ = {
			isa = PBXGroup;
			children = (
			);
			name = Resources;
			sourceTree = "<group>";
		};
		100792840100792840100792 /* Products */ = {
			isa = PBXGroup;
			children = (
				1007CB0801007CB0801007CB /* libusbmuxd.dylib */,
				1007DEBE01007DEBE01007DE /* usbmuxd */,
				1007ED7E01007ED7E01007ED /* iproxy */,
				96ED2EF011B83BF3003ED904 /* libusbmuxd.a */,
			);
			name = Products;
			sourceTree = "<group>";
		};
		100792B50100792B50100792 /* libusbmuxd */ = {
			isa = PBXGroup;
			children = (
				96BB1EB811B5FAB00008D267 /* usbmuxd.h */,
				1007932B01007932B0100793 /* Source Files */,
			);
			name = libusbmuxd;
			sourceTree = "<group>";
		};
		1007932B01007932B0100793 /* Source Files */ = {
			isa = PBXGroup;
			children = (
				1007B96001007B96001007B9 /* libusbmuxd.c */,
				1007BA7001007BA7001007BA /* sock_stuff.c */,
				1007BB0C01007BB0C01007BB /* utils.c */,
			);
			name = "Source Files";
			sourceTree = "<group>";
		};
		100793A90100793A90100793 /* usbmuxd */ = {
			isa = PBXGroup;
			children = (
				1007940B01007940B0100794 /* Source Files */,
			);
			name = usbmuxd;
			sourceTree = "<group>";
		};
		1007940B01007940B0100794 /* Source Files */ = {
			isa = PBXGroup;
			children = (
				1007CBD001007CBD001007CB /* main.c */,
				1007CCC601007CCC601007CC /* usb-linux.c */,
				1007CDD101007CDD101007CD /* log.c */,
				1007BB0C01007BB0C01007BB /* utils.c */,
				1007CF7D01007CF7D01007CF /* device.c */,
				1007D08301007D08301007D0 /* client.c */,
			);
			name = "Source Files";
			sourceTree = "<group>";
		};
		100794A00100794A00100794 /* iproxy */ = {
			isa = PBXGroup;
			children = (
				100795020100795020100795 /* Source Files */,
			);
			name = iproxy;
			sourceTree = "<group>";
		};
		100795020100795020100795 /* Source Files */ = {
			isa = PBXGroup;
			children = (
				1007DF5801007DF5801007DF /* iproxy.c */,
			);
			name = "Source Files";
			sourceTree = "<group>";
		};
		9668BA8211B5A2820092355D /* Products */ = {
			isa = PBXGroup;
			children = (
				9668BA8811B5A2820092355D /* libusb.dylib */,
				9668BA8A11B5A2820092355D /* libusb.a */,
				9668BA8C11B5A2820092355D /* USB.framework */,
			);
			name = Products;
			sourceTree = "<group>";
		};
		96BB1DDA11B5FA3B0008D267 /* Linked Libraries and Frameworks */ = {
			isa = PBXGroup;
			children = (
				964937C510A9AA5C00A94795 /* CoreFoundation.framework */,
				964937C310A9AA5300A94795 /* IOKit.framework */,
				964937C310A9AA5300A94795 /* IOKit.framework */,
				964937C510A9AA5C00A94795 /* CoreFoundation.framework */,
			);
			name = "Linked Libraries and Frameworks";
			sourceTree = "<group>";
		};
/* End PBXGroup section */

/* Begin PBXHeadersBuildPhase section */
		96BB1EBA11B5FAB00008D267 /* Headers */ = {
			isa = PBXHeadersBuildPhase;
			buildActionMask = 2147483647;
			files = (
				96BB1EB911B5FAB00008D267 /* usbmuxd.h in Headers */,
			);
			runOnlyForDeploymentPostprocessing = 0;
		};
		96ED2EE511B83BF3003ED904 /* Headers */ = {
			isa = PBXHeadersBuildPhase;
			buildActionMask = 2147483647;
			files = (
				96ED2EE611B83BF3003ED904 /* usbmuxd.h in Headers */,
			);
			runOnlyForDeploymentPostprocessing = 0;
		};
/* End PBXHeadersBuildPhase section */

/* Begin PBXNativeTarget section */
		1007BE0701007BE0701007BE /* libusbmuxd.dylib */ = {
			isa = PBXNativeTarget;
			buildConfigurationList = 1007BE6401007BE6401007BE /* Build configuration list for PBXNativeTarget "libusbmuxd.dylib" */;
			buildPhases = (
				96BB1EBA11B5FAB00008D267 /* Headers */,
				1007BC6801007BC6801007BC /* Sources */,
			);
			buildRules = (
			);
			dependencies = (
			);
			name = libusbmuxd.dylib;
			productName = libusbmuxd.dylib;
			productReference = 1007CB0801007CB0801007CB /* libusbmuxd.dylib */;
			productType = "com.apple.product-type.library.dynamic";
		};
		1007D30901007D30901007D3 /* usbmuxd */ = {
			isa = PBXNativeTarget;
			buildConfigurationList = 1007D37A01007D37A01007D3 /* Build configuration list for PBXNativeTarget "usbmuxd" */;
			buildPhases = (
				1007D17D01007D17D01007D1 /* Sources */,
				964937BF10A9A9F800A94795 /* Frameworks */,
			);
			buildRules = (
			);
			dependencies = (
				96BB1DBB11B5F8A10008D267 /* PBXTargetDependency */,
			);
			name = usbmuxd;
			productName = usbmuxd;
			productReference = 1007DEBE01007DEBE01007DE /* usbmuxd */;
			productType = "com.apple.product-type.tool";
		};
		1007E1ED01007E1ED01007E1 /* iproxy */ = {
			isa = PBXNativeTarget;
			buildConfigurationList = 1007E25F01007E25F01007E2 /* Build configuration list for PBXNativeTarget "iproxy" */;
			buildPhases = (
				1007E06301007E06301007E0 /* Sources */,
				96BB1ECB11B601830008D267 /* Frameworks */,
			);
			buildRules = (
			);
			dependencies = (
				1007EF3F01007EF3F01007EF /* PBXTargetDependency */,
			);
			name = iproxy;
			productName = iproxy;
			productReference = 1007ED7E01007ED7E01007ED /* iproxy */;
			productType = "com.apple.product-type.tool";
		};
		96ED2EE411B83BF3003ED904 /* libusbmuxd.a */ = {
			isa = PBXNativeTarget;
			buildConfigurationList = 96ED2EEB11B83BF3003ED904 /* Build configuration list for PBXNativeTarget "libusbmuxd.a" */;
			buildPhases = (
				96ED2EE511B83BF3003ED904 /* Headers */,
				96ED2EE711B83BF3003ED904 /* Sources */,
			);
			buildRules = (
			);
			dependencies = (
			);
			name = libusbmuxd.a;
			productName = libusbmuxd.dylib;
			productReference = 96ED2EF011B83BF3003ED904 /* libusbmuxd.a */;
			productType = "com.apple.product-type.library.dynamic";
		};
/* End PBXNativeTarget section */

/* Begin PBXProject section */
		100795A10100795A10100795 /* Project object */ = {
			isa = PBXProject;
			buildConfigurationList = 100796170100796170100796 /* Build configuration list for PBXProject "usbmuxd" */;
			compatibilityVersion = "Xcode 3.2";
			hasScannedForEncodings = 0;
			mainGroup = 1007918E01007918E0100791;
			projectDirPath = "";
			projectReferences = (
				{
					ProductGroup = 9668BA8211B5A2820092355D /* Products */;
					ProjectRef = 964937A410A8C99200A94795 /* CocoaUSB */;
				},
			);
			projectRoot = "";
			targets = (
				1007981C01007981C0100798 /* All */,
				96ED2EE411B83BF3003ED904 /* libusbmuxd.a */,
				1007BE0701007BE0701007BE /* libusbmuxd.dylib */,
				1007D30901007D30901007D3 /* usbmuxd */,
				1007E1ED01007E1ED01007E1 /* iproxy */,
			);
		};
/* End PBXProject section */

/* Begin PBXReferenceProxy section */
		9668BA8811B5A2820092355D /* libusb.dylib */ = {
			isa = PBXReferenceProxy;
			fileType = "compiled.mach-o.dylib";
			path = libusb.dylib;
			remoteRef = 9668BA8711B5A2820092355D /* PBXContainerItemProxy */;
			sourceTree = BUILT_PRODUCTS_DIR;
		};
		9668BA8A11B5A2820092355D /* libusb.a */ = {
			isa = PBXReferenceProxy;
			fileType = "compiled.mach-o.dylib";
			path = libusb.a;
			remoteRef = 9668BA8911B5A2820092355D /* PBXContainerItemProxy */;
			sourceTree = BUILT_PRODUCTS_DIR;
		};
		9668BA8C11B5A2820092355D /* USB.framework */ = {
			isa = PBXReferenceProxy;
			fileType = wrapper.framework;
			path = USB.framework;
			remoteRef = 9668BA8B11B5A2820092355D /* PBXContainerItemProxy */;
			sourceTree = BUILT_PRODUCTS_DIR;
		};
/* End PBXReferenceProxy section */

/* Begin PBXSourcesBuildPhase section */
		1007BC6801007BC6801007BC /* Sources */ = {
			isa = PBXSourcesBuildPhase;
			buildActionMask = 2147483647;
			files = (
				1007B98A01007B98A01007B9 /* libusbmuxd.c in Sources */,
				1007BA8201007BA8201007BA /* sock_stuff.c in Sources */,
				1007BB7501007BB7501007BB /* utils.c in Sources */,
			);
			runOnlyForDeploymentPostprocessing = 0;
		};
		1007D17D01007D17D01007D1 /* Sources */ = {
			isa = PBXSourcesBuildPhase;
			buildActionMask = 2147483647;
			files = (
				1007CBE101007CBE101007CB /* main.c in Sources */,
				1007CCD801007CCD801007CC /* usb-linux.c in Sources */,
				1007CDDD01007CDDD01007CD /* log.c in Sources */,
				1007CEC501007CEC501007CE /* utils.c in Sources */,
				1007CF9B01007CF9B01007CF /* device.c in Sources */,
				1007D08F01007D08F01007D0 /* client.c in Sources */,
			);
			runOnlyForDeploymentPostprocessing = 0;
		};
		1007E06301007E06301007E0 /* Sources */ = {
			isa = PBXSourcesBuildPhase;
			buildActionMask = 2147483647;
			files = (
				1007DF7901007DF7901007DF /* iproxy.c in Sources */,
			);
			runOnlyForDeploymentPostprocessing = 0;
		};
		96ED2EE711B83BF3003ED904 /* Sources */ = {
			isa = PBXSourcesBuildPhase;
			buildActionMask = 2147483647;
			files = (
				96ED2EE811B83BF3003ED904 /* libusbmuxd.c in Sources */,
				96ED2EE911B83BF3003ED904 /* sock_stuff.c in Sources */,
				96ED2EEA11B83BF3003ED904 /* utils.c in Sources */,
			);
			runOnlyForDeploymentPostprocessing = 0;
		};
/* End PBXSourcesBuildPhase section */

/* Begin PBXTargetDependency section */
		1007EE8901007EE8901007EE /* PBXTargetDependency */ = {
			isa = PBXTargetDependency;
			target = 1007E1ED01007E1ED01007E1 /* iproxy */;
			targetProxy = 1007EE1301007EE1301007EE /* PBXContainerItemProxy */;
		};
		1007EF3F01007EF3F01007EF /* PBXTargetDependency */ = {
			isa = PBXTargetDependency;
			target = 1007BE0701007BE0701007BE /* libusbmuxd.dylib */;
			targetProxy = 1007EEC901007EEC901007EE /* PBXContainerItemProxy */;
		};
		1007EFF501007EFF501007EF /* PBXTargetDependency */ = {
			isa = PBXTargetDependency;
			target = 1007D30901007D30901007D3 /* usbmuxd */;
			targetProxy = 1007EF8501007EF8501007EF /* PBXContainerItemProxy */;
		};
		96BB1DBB11B5F8A10008D267 /* PBXTargetDependency */ = {
			isa = PBXTargetDependency;
			name = libusb.a;
			targetProxy = 96BB1DBA11B5F8A10008D267 /* PBXContainerItemProxy */;
		};
		96ED2EFE11B83E24003ED904 /* PBXTargetDependency */ = {
			isa = PBXTargetDependency;
			target = 96ED2EE411B83BF3003ED904 /* libusbmuxd.a */;
			targetProxy = 96ED2EFD11B83E24003ED904 /* PBXContainerItemProxy */;
		};
/* End PBXTargetDependency section */

/* Begin XCBuildConfiguration section */
		100792ED0100792ED0100792 /* Debug */ = {
			isa = XCBuildConfiguration;
			buildSettings = {
				ARCHS = "$(ARCHS_STANDARD_32_64_BIT)";
				GCC_MODEL_TUNING = G5;
				GCC_OPTIMIZATION_LEVEL = 0;
				GCC_VERSION = com.apple.compilers.llvm.clang.1_0;
				ONLY_ACTIVE_ARCH = YES;
				SDKROOT = macosx10.6;
			};
			name = Debug;
		};
		1007964A01007964A0100796 /* Release */ = {
			isa = XCBuildConfiguration;
			buildSettings = {
				ARCHS = "$(ARCHS_STANDARD_32_64_BIT)";
				GCC_MODEL_TUNING = G5;
				GCC_VERSION = com.apple.compilers.llvm.clang.1_0;
				SDKROOT = macosx10.6;
			};
			name = Release;
		};
		10079A1E010079A1E010079A /* Debug */ = {
			isa = XCBuildConfiguration;
			buildSettings = {
				PRODUCT_NAME = ALL_BUILD;
				USE_HEADERMAP = NO;
				WARNING_CFLAGS = (
					"-Wmost",
					"-Wno-four-char-constants",
					"-Wno-unknown-pragmas",
				);
			};
			name = Debug;
		};
		10079BD7010079BD7010079B /* Release */ = {
			isa = XCBuildConfiguration;
			buildSettings = {
				PRODUCT_NAME = ALL_BUILD;
				USE_HEADERMAP = NO;
				WARNING_CFLAGS = (
					"-Wmost",
					"-Wno-four-char-constants",
					"-Wno-unknown-pragmas",
				);
			};
			name = Release;
		};
		1007BEBF01007BEBF01007BE /* Debug */ = {
			isa = XCBuildConfiguration;
			buildSettings = {
				DYLIB_COMPATIBILITY_VERSION = 1.0.0;
				DYLIB_CURRENT_VERSION = 1.0.0;
				EXECUTABLE_PREFIX = lib;
				GCC_GENERATE_DEBUGGING_SYMBOLS = YES;
				GCC_INLINES_ARE_PRIVATE_EXTERN = NO;
				GCC_OPTIMIZATION_LEVEL = 0;
				GCC_SYMBOLS_PRIVATE_EXTERN = NO;
				HEADER_SEARCH_PATHS = "$(SRCROOT)/common";
				INSTALL_PATH = /Users/aburgh/Projects/iPhone/usbmuxd/libusbmuxd/Debug;
				LIBRARY_SEARCH_PATHS = "";
				MACH_O_TYPE = mh_dylib;
				OTHER_LDFLAGS = "-headerpad_max_install_names";
				PREBINDING = NO;
				PRODUCT_NAME = usbmuxd;
				SECTORDER_FLAGS = "";
				USE_HEADERMAP = NO;
				WARNING_CFLAGS = (
					"-Wmost",
					"-Wno-four-char-constants",
					"-Wno-unknown-pragmas",
				);
			};
			name = Debug;
		};
		1007C11501007C11501007C1 /* Release */ = {
			isa = XCBuildConfiguration;
			buildSettings = {
				DYLIB_COMPATIBILITY_VERSION = 1.0.0;
				DYLIB_CURRENT_VERSION = 1.0.0;
				EXECUTABLE_PREFIX = lib;
				GCC_GENERATE_DEBUGGING_SYMBOLS = NO;
				GCC_INLINES_ARE_PRIVATE_EXTERN = NO;
				GCC_OPTIMIZATION_LEVEL = s;
				GCC_SYMBOLS_PRIVATE_EXTERN = NO;
				HEADER_SEARCH_PATHS = "$(SRCROOT)/common";
				INSTALL_PATH = /Users/aburgh/Projects/iPhone/usbmuxd/libusbmuxd/Release;
				LIBRARY_SEARCH_PATHS = "";
				MACH_O_TYPE = mh_dylib;
				OTHER_CFLAGS = "-DNDEBUG";
				OTHER_LDFLAGS = "-headerpad_max_install_names";
				PREBINDING = NO;
				PRODUCT_NAME = usbmuxd;
				SECTORDER_FLAGS = "";
				USE_HEADERMAP = NO;
				WARNING_CFLAGS = (
					"-Wmost",
					"-Wno-four-char-constants",
					"-Wno-unknown-pragmas",
				);
			};
			name = Release;
		};
		1007D3D501007D3D501007D3 /* Debug */ = {
			isa = XCBuildConfiguration;
			buildSettings = {
				GCC_GENERATE_DEBUGGING_SYMBOLS = YES;
				GCC_INLINES_ARE_PRIVATE_EXTERN = NO;
				GCC_OPTIMIZATION_LEVEL = 0;
				GCC_PREPROCESSOR_DEFINITIONS = (
					"$(GCC_PREPROCESSOR_DEFINITIONS_QUOTED_FOR_TARGET_2)",
					"$(GCC_PREPROCESSOR_DEFINITIONS_QUOTED_FOR_TARGET_3)",
				);
				GCC_PREPROCESSOR_DEFINITIONS_QUOTED_FOR_TARGET_2 = "'USBMUXD_DAEMON'";
				GCC_PREPROCESSOR_DEFINITIONS_QUOTED_FOR_TARGET_3 = "'USBMUXD_VERSION=\"1.0.0\"'";
				GCC_SYMBOLS_PRIVATE_EXTERN = NO;
				HEADER_SEARCH_PATHS = (
					"$(SRCROOT)/common",
					"$(SRCROOT)/daemon",
					"$(SRCROOT)/libusbmuxd",
					"$(CONFIGURATION_BUILD_DIR)/usr/local/include",
				);
				OTHER_LDFLAGS = (
					"-Wl,-search_paths_first",
					"-headerpad_max_install_names",
				);
				PRODUCT_NAME = usbmuxd;
				USE_HEADERMAP = NO;
				WARNING_CFLAGS = (
					"-Wmost",
					"-Wno-four-char-constants",
					"-Wno-unknown-pragmas",
				);
			};
			name = Debug;
		};
		1007D4E601007D4E601007D4 /* Release */ = {
			isa = XCBuildConfiguration;
			buildSettings = {
				GCC_GENERATE_DEBUGGING_SYMBOLS = NO;
				GCC_INLINES_ARE_PRIVATE_EXTERN = NO;
				GCC_OPTIMIZATION_LEVEL = s;
				GCC_PREPROCESSOR_DEFINITIONS = (
					"$(GCC_PREPROCESSOR_DEFINITIONS_QUOTED_FOR_TARGET_2)",
					"$(GCC_PREPROCESSOR_DEFINITIONS_QUOTED_FOR_TARGET_3)",
				);
				GCC_PREPROCESSOR_DEFINITIONS_QUOTED_FOR_TARGET_2 = "'USBMUXD_DAEMON'";
				GCC_PREPROCESSOR_DEFINITIONS_QUOTED_FOR_TARGET_3 = "'USBMUXD_VERSION=\"1.0.0\"'";
				GCC_SYMBOLS_PRIVATE_EXTERN = NO;
				HEADER_SEARCH_PATHS = (
					"$(SRCROOT)/common",
					"$(SRCROOT)/daemon",
					"$(SRCROOT)/libusbmuxd",
					"$(CONFIGURATION_BUILD_DIR)/usr/local/include",
				);
				OTHER_LDFLAGS = (
					"-Wl,-search_paths_first",
					"-headerpad_max_install_names",
				);
				PRODUCT_NAME = usbmuxd;
				USE_HEADERMAP = NO;
				WARNING_CFLAGS = (
					"-Wmost",
					"-Wno-four-char-constants",
					"-Wno-unknown-pragmas",
				);
			};
			name = Release;
		};
		1007E2BB01007E2BB01007E2 /* Debug */ = {
			isa = XCBuildConfiguration;
			buildSettings = {
				GCC_GENERATE_DEBUGGING_SYMBOLS = YES;
				GCC_INLINES_ARE_PRIVATE_EXTERN = NO;
				GCC_OPTIMIZATION_LEVEL = 0;
				GCC_SYMBOLS_PRIVATE_EXTERN = NO;
				OTHER_LDFLAGS = (
					"-Wl,-search_paths_first",
					"-headerpad_max_install_names",
				);
				PRODUCT_NAME = iproxy;
				USER_HEADER_SEARCH_PATHS = "$(SRCROOT)/libusbmuxd";
				USE_HEADERMAP = NO;
				WARNING_CFLAGS = (
					"-Wmost",
					"-Wno-four-char-constants",
					"-Wno-unknown-pragmas",
				);
			};
			name = Debug;
		};
		1007E36801007E36801007E3 /* Release */ = {
			isa = XCBuildConfiguration;
			buildSettings = {
				GCC_GENERATE_DEBUGGING_SYMBOLS = NO;
				GCC_INLINES_ARE_PRIVATE_EXTERN = NO;
				GCC_OPTIMIZATION_LEVEL = s;
				GCC_PREPROCESSOR_DEFINITIONS = "";
				GCC_SYMBOLS_PRIVATE_EXTERN = NO;
				OTHER_LDFLAGS = (
					"-Wl,-search_paths_first",
					"-headerpad_max_install_names",
				);
				PRODUCT_NAME = iproxy;
				USER_HEADER_SEARCH_PATHS = "$(SRCROOT)/libusbmuxd";
				USE_HEADERMAP = NO;
				WARNING_CFLAGS = (
					"-Wmost",
					"-Wno-four-char-constants",
					"-Wno-unknown-pragmas",
				);
			};
			name = Release;
		};
		96ED2EEC11B83BF3003ED904 /* Debug */ = {
			isa = XCBuildConfiguration;
			buildSettings = {
				DYLIB_COMPATIBILITY_VERSION = 1.0.0;
				DYLIB_CURRENT_VERSION = 1.0.0;
				EXECUTABLE_EXTENSION = a;
				EXECUTABLE_PREFIX = lib;
				GCC_GENERATE_DEBUGGING_SYMBOLS = YES;
				GCC_INLINES_ARE_PRIVATE_EXTERN = NO;
				GCC_OPTIMIZATION_LEVEL = 0;
				HEADER_SEARCH_PATHS = "$(SRCROOT)/common";
				INSTALL_PATH = /Users/aburgh/Projects/iPhone/usbmuxd/libusbmuxd/Debug;
				MACH_O_TYPE = staticlib;
				OTHER_LDFLAGS = "-headerpad_max_install_names";
				PREBINDING = NO;
				PRODUCT_NAME = usbmuxd;
				SECTORDER_FLAGS = "";
				USE_HEADERMAP = NO;
				WARNING_CFLAGS = (
					"-Wmost",
					"-Wno-four-char-constants",
					"-Wno-unknown-pragmas",
				);
			};
			name = Debug;
		};
		96ED2EED11B83BF3003ED904 /* Release */ = {
			isa = XCBuildConfiguration;
			buildSettings = {
				DYLIB_COMPATIBILITY_VERSION = 1.0.0;
				DYLIB_CURRENT_VERSION = 1.0.0;
				EXECUTABLE_EXTENSION = a;
				EXECUTABLE_PREFIX = lib;
				GCC_GENERATE_DEBUGGING_SYMBOLS = NO;
				GCC_INLINES_ARE_PRIVATE_EXTERN = NO;
				GCC_OPTIMIZATION_LEVEL = s;
				HEADER_SEARCH_PATHS = "$(SRCROOT)/common";
				MACH_O_TYPE = staticlib;
				OTHER_CFLAGS = "-DNDEBUG";
				OTHER_LDFLAGS = "-headerpad_max_install_names";
				PREBINDING = NO;
				PRODUCT_NAME = usbmuxd;
				SECTORDER_FLAGS = "";
				USE_HEADERMAP = NO;
				WARNING_CFLAGS = (
					"-Wmost",
					"-Wno-four-char-constants",
					"-Wno-unknown-pragmas",
				);
			};
			name = Release;
		};
/* End XCBuildConfiguration section */

/* Begin XCConfigurationList section */
		100796170100796170100796 /* Build configuration list for PBXProject "usbmuxd" */ = {
			isa = XCConfigurationList;
			buildConfigurations = (
				100792ED0100792ED0100792 /* Debug */,
				1007964A01007964A0100796 /* Release */,
			);
			defaultConfigurationIsVisible = 0;
			defaultConfigurationName = Debug;
		};
		100799AC0100799AC0100799 /* Build configuration list for PBXAggregateTarget "All" */ = {
			isa = XCConfigurationList;
			buildConfigurations = (
				10079A1E010079A1E010079A /* Debug */,
				10079BD7010079BD7010079B /* Release */,
			);
			defaultConfigurationIsVisible = 0;
			defaultConfigurationName = Debug;
		};
		1007BE6401007BE6401007BE /* Build configuration list for PBXNativeTarget "libusbmuxd.dylib" */ = {
			isa = XCConfigurationList;
			buildConfigurations = (
				1007BEBF01007BEBF01007BE /* Debug */,
				1007C11501007C11501007C1 /* Release */,
			);
			defaultConfigurationIsVisible = 0;
			defaultConfigurationName = Debug;
		};
		1007D37A01007D37A01007D3 /* Build configuration list for PBXNativeTarget "usbmuxd" */ = {
			isa = XCConfigurationList;
			buildConfigurations = (
				1007D3D501007D3D501007D3 /* Debug */,
				1007D4E601007D4E601007D4 /* Release */,
			);
			defaultConfigurationIsVisible = 0;
			defaultConfigurationName = Debug;
		};
		1007E25F01007E25F01007E2 /* Build configuration list for PBXNativeTarget "iproxy" */ = {
			isa = XCConfigurationList;
			buildConfigurations = (
				1007E2BB01007E2BB01007E2 /* Debug */,
				1007E36801007E36801007E3 /* Release */,
			);
			defaultConfigurationIsVisible = 0;
			defaultConfigurationName = Debug;
		};
		96ED2EEB11B83BF3003ED904 /* Build configuration list for PBXNativeTarget "libusbmuxd.a" */ = {
			isa = XCConfigurationList;
			buildConfigurations = (
				96ED2EEC11B83BF3003ED904 /* Debug */,
				96ED2EED11B83BF3003ED904 /* Release */,
			);
			defaultConfigurationIsVisible = 0;
			defaultConfigurationName = Debug;
		};
/* End XCConfigurationList section */
	};
	rootObject = 100795A10100795A10100795 /* Project object */;
}
